
Microsoft Visual Studio Solution File, Format Version 12.00
# Visual Studio Version 16
VisualStudioVersion = 16.0.29025.244
MinimumVisualStudioVersion = 10.0.40219.1
Project("{FAE04EC0-301F-11D3-BF4B-00C04F79EFBC}") = "PrismXamarinMapApp", "PrismXamarinMapApp\PrismXamarinMapApp\PrismXamarinMapApp.csproj", "{57202DE7-EEEA-4B3F-86E3-8F19D7BCFC95}"
EndProject
Project("{FAE04EC0-301F-11D3-BF4B-00C04F79EFBC}") = "PrismXamarinMapApp.Android", "PrismXamarinMapApp\PrismXamarinMapApp.Android\PrismXamarinMapApp.Android.csproj", "{47A30522-13EF-492C-A73F-C10AEACCEA6D}"
EndProject
Project("{FAE04EC0-301F-11D3-BF4B-00C04F79EFBC}") = "PrismXamarinMapApp.UWP", "PrismXamarinMapApp\PrismXamarinMapApp.UWP\PrismXamarinMapApp.UWP.csproj", "{DCEDFCBB-7ACC-4578-92E3-5A006F7A7B3F}"
EndProject
Global
	GlobalSection(SolutionConfigurationPlatforms) = preSolution
		Debug|Any CPU = Debug|Any CPU
		Debug|ARM = Debug|ARM
		Debug|x64 = Debug|x64
		Debug|x86 = Debug|x86
		Release|Any CPU = Release|Any CPU
		Release|ARM = Release|ARM
		Release|x64 = Release|x64
		Release|x86 = Release|x86
	EndGlobalSection
	GlobalSection(ProjectConfigurationPlatforms) = postSolution
		{57202DE7-EEEA-4B3F-86E3-8F19D7BCFC95}.Debug|Any CPU.ActiveCfg = Debug|Any CPU
		{57202DE7-EEEA-4B3F-86E3-8F19D7BCFC95}.Debug|Any CPU.Build.0 = Debug|Any CPU
		{57202DE7-EEEA-4B3F-86E3-8F19D7BCFC95}.Debug|ARM.ActiveCfg = Debug|Any CPU
		{57202DE7-EEEA-4B3F-86E3-8F19D7BCFC95}.Debug|ARM.Build.0 = Debug|Any CPU
		{57202DE7-EEEA-4B3F-86E3-8F19D7BCFC95}.Debug|x64.ActiveCfg = Debug|Any CPU
		{57202DE7-EEEA-4B3F-86E3-8F19D7BCFC95}.Debug|x64.Build.0 = Debug|Any CPU
		{57202DE7-EEEA-4B3F-86E3-8F19D7BCFC95}.Debug|x86.ActiveCfg = Debug|Any CPU
		{57202DE7-EEEA-4B3F-86E3-8F19D7BCFC95}.Debug|x86.Build.0 = Debug|Any CPU
		{57202DE7-EEEA-4B3F-86E3-8F19D7BCFC95}.Release|Any CPU.ActiveCfg = Release|Any CPU
		{57202DE7-EEEA-4B3F-86E3-8F19D7BCFC95}.Release|Any CPU.Build.0 = Release|Any CPU
		{57202DE7-EEEA-4B3F-86E3-8F19D7BCFC95}.Release|ARM.ActiveCfg = Release|Any CPU
		{57202DE7-EEEA-4B3F-86E3-8F19D7BCFC95}.Release|ARM.Build.0 = Release|Any CPU
		{57202DE7-EEEA-4B3F-86E3-8F19D7BCFC95}.Release|x64.ActiveCfg = Release|Any CPU
		{57202DE7-EEEA-4B3F-86E3-8F19D7BCFC95}.Release|x64.Build.0 = Release|Any CPU
		{57202DE7-EEEA-4B3F-86E3-8F19D7BCFC95}.Release|x86.ActiveCfg = Release|Any CPU
		{57202DE7-EEEA-4B3F-86E3-8F19D7BCFC95}.Release|x86.Build.0 = Release|Any CPU
		{47A30522-13EF-492C-A73F-C10AEACCEA6D}.Debug|Any CPU.ActiveCfg = Debug|Any CPU
		{47A30522-13EF-492C-A73F-C10AEACCEA6D}.Debug|Any CPU.Build.0 = Debug|Any CPU
		{47A30522-13EF-492C-A73F-C10AEACCEA6D}.Debug|Any CPU.Deploy.0 = Debug|Any CPU
		{47A30522-13EF-492C-A73F-C10AEACCEA6D}.Debug|ARM.ActiveCfg = Debug|Any CPU
		{47A30522-13EF-492C-A73F-C10AEACCEA6D}.Debug|ARM.Build.0 = Debug|Any CPU
		{47A30522-13EF-492C-A73F-C10AEACCEA6D}.Debug|ARM.Deploy.0 = Debug|Any CPU
		{47A30522-13EF-492C-A73F-C10AEACCEA6D}.Debug|x64.ActiveCfg = Debug|Any CPU
		{47A30522-13EF-492C-A73F-C10AEACCEA6D}.Debug|x64.Build.0 = Debug|Any CPU
		{47A30522-13EF-492C-A73F-C10AEACCEA6D}.Debug|x64.Deploy.0 = Debug|Any CPU
		{47A30522-13EF-492C-A73F-C10AEACCEA6D}.Debug|x86.ActiveCfg = Debug|Any CPU
		{47A30522-13EF-492C-A73F-C10AEACCEA6D}.Debug|x86.Build.0 = Debug|Any CPU
		{47A30522-13EF-492C-A73F-C10AEACCEA6D}.Debug|x86.Deploy.0 = Debug|Any CPU
		{47A30522-13EF-492C-A73F-C10AEACCEA6D}.Release|Any CPU.ActiveCfg = Release|Any CPU
		{47A30522-13EF-492C-A73F-C10AEACCEA6D}.Release|Any CPU.Build.0 = Release|Any CPU
		{47A30522-13EF-492C-A73F-C10AEACCEA6D}.Release|Any CPU.Deploy.0 = Release|Any CPU
		{47A30522-13EF-492C-A73F-C10AEACCEA6D}.Release|ARM.ActiveCfg = Release|Any CPU
		{47A30522-13EF-492C-A73F-C10AEACCEA6D}.Release|ARM.Build.0 = Release|Any CPU
		{47A30522-13EF-492C-A73F-C10AEACCEA6D}.Release|ARM.Deploy.0 = Release|Any CPU
		{47A30522-13EF-492C-A73F-C10AEACCEA6D}.Release|x64.ActiveCfg = Release|Any CPU
		{47A30522-13EF-492C-A73F-C10AEACCEA6D}.Release|x64.Build.0 = Release|Any CPU
		{47A30522-13EF-492C-A73F-C10AEACCEA6D}.Release|x64.Deploy.0 = Release|Any CPU
		{47A30522-13EF-492C-A73F-C10AEACCEA6D}.Release|x86.ActiveCfg = Release|Any CPU
		{47A30522-13EF-492C-A73F-C10AEACCEA6D}.Release|x86.Build.0 = Release|Any CPU
		{47A30522-13EF-492C-A73F-C10AEACCEA6D}.Release|x86.Deploy.0 = Release|Any CPU
		{DCEDFCBB-7ACC-4578-92E3-5A006F7A7B3F}.Debug|Any CPU.ActiveCfg = Debug|x86
		{DCEDFCBB-7ACC-4578-92E3-5A006F7A7B3F}.Debug|ARM.ActiveCfg = Debug|ARM
		{DCEDFCBB-7ACC-4578-92E3-5A006F7A7B3F}.Debug|ARM.Build.0 = Debug|ARM
		{DCEDFCBB-7ACC-4578-92E3-5A006F7A7B3F}.Debug|ARM.Deploy.0 = Debug|ARM
		{DCEDFCBB-7ACC-4578-92E3-5A006F7A7B3F}.Debug|x64.ActiveCfg = Debug|x64
		{DCEDFCBB-7ACC-4578-92E3-5A006F7A7B3F}.Debug|x64.Build.0 = Debug|x64
		{DCEDFCBB-7ACC-4578-92E3-5A006F7A7B3F}.Debug|x64.Deploy.0 = Debug|x64
		{DCEDFCBB-7ACC-4578-92E3-5A006F7A7B3F}.Debug|x86.ActiveCfg = Debug|x86
		{DCEDFCBB-7ACC-4578-92E3-5A006F7A7B3F}.Debug|x86.Build.0 = Debug|x86
		{DCEDFCBB-7ACC-4578-92E3-5A006F7A7B3F}.Debug|x86.Deploy.0 = Debug|x86
		{DCEDFCBB-7ACC-4578-92E3-5A006F7A7B3F}.Release|Any CPU.ActiveCfg = Release|x86
		{DCEDFCBB-7ACC-4578-92E3-5A006F7A7B3F}.Release|ARM.ActiveCfg = Release|ARM
		{DCEDFCBB-7ACC-4578-92E3-5A006F7A7B3F}.Release|ARM.Build.0 = Release|ARM
		{DCEDFCBB-7ACC-4578-92E3-5A006F7A7B3F}.Release|ARM.Deploy.0 = Release|ARM
		{DCEDFCBB-7ACC-4578-92E3-5A006F7A7B3F}.Release|x64.ActiveCfg = Release|x64
		{DCEDFCBB-7ACC-4578-92E3-5A006F7A7B3F}.Release|x64.Build.0 = Release|x64
		{DCEDFCBB-7ACC-4578-92E3-5A006F7A7B3F}.Release|x64.Deploy.0 = Release|x64
		{DCEDFCBB-7ACC-4578-92E3-5A006F7A7B3F}.Release|x86.ActiveCfg = Release|x86
		{DCEDFCBB-7ACC-4578-92E3-5A006F7A7B3F}.Release|x86.Build.0 = Release|x86
		{DCEDFCBB-7ACC-4578-92E3-5A006F7A7B3F}.Release|x86.Deploy.0 = Release|x86
	EndGlobalSection
	GlobalSection(SolutionProperties) = preSolution
		HideSolutionNode = FALSE
	EndGlobalSection
	GlobalSection(ExtensibilityGlobals) = postSolution
		SolutionGuid = {3B20EF08-EADA-4391-ACFB-2B9C90CC8006}
	EndGlobalSection
EndGlobal
